
Microsoft Visual Studio Solution File, Format Version 12.00
# Visual Studio Version 16
VisualStudioVersion = 16.0.808.6
MinimumVisualStudioVersion = 10.0.40219.1
Project("{FAE04EC0-301F-11D3-BF4B-00C04F79EFBC}") = "HW1IS421", "HW1IS421.csproj", "{60A0CC94-CD5F-4BC6-8E5B-8B6E8276DE7B}"
EndProject
Global
	GlobalSection(SolutionConfigurationPlatforms) = preSolution
		Debug|Any CPU = Debug|Any CPU
		Release|Any CPU = Release|Any CPU
	EndGlobalSection
	GlobalSection(ProjectConfigurationPlatforms) = postSolution
		{60A0CC94-CD5F-4BC6-8E5B-8B6E8276DE7B}.Debug|Any CPU.ActiveCfg = Debug|Any CPU
		{60A0CC94-CD5F-4BC6-8E5B-8B6E8276DE7B}.Debug|Any CPU.Build.0 = Debug|Any CPU
		{60A0CC94-CD5F-4BC6-8E5B-8B6E8276DE7B}.Release|Any CPU.ActiveCfg = Release|Any CPU
		{60A0CC94-CD5F-4BC6-8E5B-8B6E8276DE7B}.Release|Any CPU.Build.0 = Release|Any CPU
	EndGlobalSection
	GlobalSection(SolutionProperties) = preSolution
		HideSolutionNode = FALSE
	EndGlobalSection
	GlobalSection(ExtensibilityGlobals) = postSolution
		SolutionGuid = {FF8B91D3-5A35-40B2-89BA-B7091CB583A3}
	EndGlobalSection
EndGlobal
